
Microsoft Visual Studio Solution File, Format Version 12.00
# Visual Studio Version 17
VisualStudioVersion = 17.8.34322.80
MinimumVisualStudioVersion = 10.0.40219.1
Project("{FAE04EC0-301F-11D3-BF4B-00C04F79EFBC}") = "Gtm_Mgt_Demo", "Gtm_Mgt_Demo\Gtm_Mgt_Demo.csproj", "{57CD2D2E-AC19-46B6-A7FD-06DE46635624}"
EndProject
Global
	GlobalSection(SolutionConfigurationPlatforms) = preSolution
		Debug|Any CPU = Debug|Any CPU
		Release|Any CPU = Release|Any CPU
	EndGlobalSection
	GlobalSection(ProjectConfigurationPlatforms) = postSolution
		{57CD2D2E-AC19-46B6-A7FD-06DE46635624}.Debug|Any CPU.ActiveCfg = Debug|Any CPU
		{57CD2D2E-AC19-46B6-A7FD-06DE46635624}.Debug|Any CPU.Build.0 = Debug|Any CPU
		{57CD2D2E-AC19-46B6-A7FD-06DE46635624}.Release|Any CPU.ActiveCfg = Release|Any CPU
		{57CD2D2E-AC19-46B6-A7FD-06DE46635624}.Release|Any CPU.Build.0 = Release|Any CPU
	EndGlobalSection
	GlobalSection(SolutionProperties) = preSolution
		HideSolutionNode = FALSE
	EndGlobalSection
	GlobalSection(ExtensibilityGlobals) = postSolution
		SolutionGuid = {34344D30-9262-4934-B378-20451B7E4B42}
	EndGlobalSection
EndGlobal
